
Microsoft Visual Studio Solution File, Format Version 12.00
# Visual Studio Version 17
VisualStudioVersion = 17.0.32112.339
MinimumVisualStudioVersion = 10.0.40219.1
Project("{FAE04EC0-301F-11D3-BF4B-00C04F79EFBC}") = "TpNombreMystere", "TpNombreMystere\TpNombreMystere.csproj", "{B2C20C69-A690-44EB-89DB-64AB9759F0E1}"
EndProject
Global
	GlobalSection(SolutionConfigurationPlatforms) = preSolution
		Debug|Any CPU = Debug|Any CPU
		Release|Any CPU = Release|Any CPU
	EndGlobalSection
	GlobalSection(ProjectConfigurationPlatforms) = postSolution
		{B2C20C69-A690-44EB-89DB-64AB9759F0E1}.Debug|Any CPU.ActiveCfg = Debug|Any CPU
		{B2C20C69-A690-44EB-89DB-64AB9759F0E1}.Debug|Any CPU.Build.0 = Debug|Any CPU
		{B2C20C69-A690-44EB-89DB-64AB9759F0E1}.Release|Any CPU.ActiveCfg = Release|Any CPU
		{B2C20C69-A690-44EB-89DB-64AB9759F0E1}.Release|Any CPU.Build.0 = Release|Any CPU
	EndGlobalSection
	GlobalSection(SolutionProperties) = preSolution
		HideSolutionNode = FALSE
	EndGlobalSection
	GlobalSection(ExtensibilityGlobals) = postSolution
		SolutionGuid = {A3BBF193-31D6-428C-A3F6-BF8396592E45}
	EndGlobalSection
EndGlobal
