
Microsoft Visual Studio Solution File, Format Version 12.00
# Visual Studio Version 17
VisualStudioVersion = 17.0.32112.339
MinimumVisualStudioVersion = 10.0.40219.1
Project("{9A19103F-16F7-4668-BE54-9A1E7A4F7556}") = "ExempleDeCours", "ExempleDeCours\ExempleDeCours.csproj", "{CFF15481-508F-4ED2-8210-04D0151CA53B}"
EndProject
Project("{9A19103F-16F7-4668-BE54-9A1E7A4F7556}") = "CorrectionAnnuaireAdoNet", "CorrectionAnnuaireAdoNet\CorrectionAnnuaireAdoNet.csproj", "{5D015BA5-17ED-4A0A-BF11-E9F3449F356E}"
EndProject
Project("{9A19103F-16F7-4668-BE54-9A1E7A4F7556}") = "TpCompteBancaireHeritage", "TpCompteBancaireHeritage\TpCompteBancaireHeritage.csproj", "{1CB7D05D-FBD3-4FBA-BA10-891E5D69D427}"
EndProject
Global
	GlobalSection(SolutionConfigurationPlatforms) = preSolution
		Debug|Any CPU = Debug|Any CPU
		Release|Any CPU = Release|Any CPU
	EndGlobalSection
	GlobalSection(ProjectConfigurationPlatforms) = postSolution
		{CFF15481-508F-4ED2-8210-04D0151CA53B}.Debug|Any CPU.ActiveCfg = Debug|Any CPU
		{CFF15481-508F-4ED2-8210-04D0151CA53B}.Debug|Any CPU.Build.0 = Debug|Any CPU
		{CFF15481-508F-4ED2-8210-04D0151CA53B}.Release|Any CPU.ActiveCfg = Release|Any CPU
		{CFF15481-508F-4ED2-8210-04D0151CA53B}.Release|Any CPU.Build.0 = Release|Any CPU
		{5D015BA5-17ED-4A0A-BF11-E9F3449F356E}.Debug|Any CPU.ActiveCfg = Debug|Any CPU
		{5D015BA5-17ED-4A0A-BF11-E9F3449F356E}.Debug|Any CPU.Build.0 = Debug|Any CPU
		{5D015BA5-17ED-4A0A-BF11-E9F3449F356E}.Release|Any CPU.ActiveCfg = Release|Any CPU
		{5D015BA5-17ED-4A0A-BF11-E9F3449F356E}.Release|Any CPU.Build.0 = Release|Any CPU
		{1CB7D05D-FBD3-4FBA-BA10-891E5D69D427}.Debug|Any CPU.ActiveCfg = Debug|Any CPU
		{1CB7D05D-FBD3-4FBA-BA10-891E5D69D427}.Debug|Any CPU.Build.0 = Debug|Any CPU
		{1CB7D05D-FBD3-4FBA-BA10-891E5D69D427}.Release|Any CPU.ActiveCfg = Release|Any CPU
		{1CB7D05D-FBD3-4FBA-BA10-891E5D69D427}.Release|Any CPU.Build.0 = Release|Any CPU
	EndGlobalSection
	GlobalSection(SolutionProperties) = preSolution
		HideSolutionNode = FALSE
	EndGlobalSection
	GlobalSection(ExtensibilityGlobals) = postSolution
		SolutionGuid = {888E0D3C-4C46-44C2-B958-4AF659119482}
	EndGlobalSection
EndGlobal
