
Microsoft Visual Studio Solution File, Format Version 12.00
# Visual Studio Version 17
VisualStudioVersion = 17.0.32014.148
MinimumVisualStudioVersion = 10.0.40219.1
Project("{9A19103F-16F7-4668-BE54-9A1E7A4F7556}") = "Exercice1", "Exercice1\Exercice1.csproj", "{438F8EE8-47F9-44F5-BC6C-EAD9A9655112}"
EndProject
Project("{9A19103F-16F7-4668-BE54-9A1E7A4F7556}") = "Exercice2", "Exercice2\Exercice2.csproj", "{ED25838B-EE2C-4BAA-92D7-7792311265AF}"
EndProject
Project("{9A19103F-16F7-4668-BE54-9A1E7A4F7556}") = "Exercice3", "Exercice3\Exercice3.csproj", "{E3EF6F6B-30B2-4A47-BCC1-D494DD7C5266}"
EndProject
Project("{9A19103F-16F7-4668-BE54-9A1E7A4F7556}") = "Exercice4", "ConsoleApp1\Exercice4.csproj", "{83F890CE-8637-4652-BDE6-8FE5F392A179}"
EndProject
Project("{9A19103F-16F7-4668-BE54-9A1E7A4F7556}") = "Exercice5", "Exercice5\Exercice5.csproj", "{5892378A-70BA-4B6E-BB0E-AF97ED29BB69}"
EndProject
Project("{9A19103F-16F7-4668-BE54-9A1E7A4F7556}") = "Exercice6", "Exercice6\Exercice6.csproj", "{6D48890C-EA53-46F9-B53F-B59D8F149B41}"
EndProject
Project("{9A19103F-16F7-4668-BE54-9A1E7A4F7556}") = "Exercice7", "Exercice7\Exercice7.csproj", "{80FC44CE-6D98-41B3-9DA8-4E6CD9AF8AA3}"
EndProject
Project("{9A19103F-16F7-4668-BE54-9A1E7A4F7556}") = "Exercice8", "Exercice8\Exercice8.csproj", "{AE264476-1BF9-47B2-8E5D-8DBB7DFAF4C6}"
EndProject
Project("{9A19103F-16F7-4668-BE54-9A1E7A4F7556}") = "Exercice9", "Exercice9\Exercice9.csproj", "{225E6675-6313-4216-B0FA-97BAF5E17719}"
EndProject
Project("{9A19103F-16F7-4668-BE54-9A1E7A4F7556}") = "Exercice10", "Exercice10\Exercice10.csproj", "{831B9746-D614-4754-8EBE-02722B352FA2}"
EndProject
Project("{9A19103F-16F7-4668-BE54-9A1E7A4F7556}") = "Exercice11", "Exercice11\Exercice11.csproj", "{77FA279F-4026-4DBC-9484-B13ADA1CCCCA}"
EndProject
Project("{9A19103F-16F7-4668-BE54-9A1E7A4F7556}") = "Exercice12", "Exercice12\Exercice12.csproj", "{78E865BB-38A6-4BD8-B42D-DECD44B237BD}"
EndProject
Project("{9A19103F-16F7-4668-BE54-9A1E7A4F7556}") = "Exercice20", "Exercice20\Exercice20.csproj", "{90F5BB1D-7B28-4B84-A779-813AB5981F1D}"
EndProject
Project("{9A19103F-16F7-4668-BE54-9A1E7A4F7556}") = "Exercice21", "Exercice21\Exercice21.csproj", "{33C282E3-21BF-45AC-AE29-898DD25F1E09}"
EndProject
Project("{9A19103F-16F7-4668-BE54-9A1E7A4F7556}") = "Exercice22", "ConsoleApp2\Exercice22.csproj", "{F8C69A7A-84D1-4A29-B410-D17CFE4886A2}"
EndProject
Project("{9A19103F-16F7-4668-BE54-9A1E7A4F7556}") = "Exercice23", "Exercice23\Exercice23.csproj", "{7FB660AE-F017-47AB-BD3B-08B482816D45}"
EndProject
Project("{9A19103F-16F7-4668-BE54-9A1E7A4F7556}") = "Exercice24", "Exercice 24\Exercice24.csproj", "{0E4D3DB8-AD81-4F35-9CEE-C5CDE4CB90CC}"
EndProject
Project("{9A19103F-16F7-4668-BE54-9A1E7A4F7556}") = "Exercice25", "Exercice25\Exercice25.csproj", "{F0CD611D-8BFF-43C1-8776-44EB5249277C}"
EndProject
Project("{9A19103F-16F7-4668-BE54-9A1E7A4F7556}") = "Exercice26", "Exercice26\Exercice26.csproj", "{B45A395B-4FD9-45A9-A0EB-FE57410B2952}"
EndProject
Project("{9A19103F-16F7-4668-BE54-9A1E7A4F7556}") = "Exercice28", "Exercice28\Exercice28.csproj", "{CA76585C-75DB-42D4-A69D-3870EB1C3F4B}"
EndProject
Project("{9A19103F-16F7-4668-BE54-9A1E7A4F7556}") = "Exercice29", "Exercice29\Exercice29.csproj", "{FE831FE7-92D4-4530-A9C7-2EAF6D7D8061}"
EndProject
Project("{9A19103F-16F7-4668-BE54-9A1E7A4F7556}") = "Exercice30", "Exercice30\Exercice30.csproj", "{5C56B6E2-4773-4153-A71D-3F5F1B0168D6}"
EndProject
Project("{9A19103F-16F7-4668-BE54-9A1E7A4F7556}") = "Exercice31", "Exercice31\Exercice31.csproj", "{E3931138-3A67-481E-BF24-D79274F3F5BE}"
EndProject
Project("{9A19103F-16F7-4668-BE54-9A1E7A4F7556}") = "Exercice32", "Exercice32\Exercice32.csproj", "{27F0F98B-514C-41EC-9D4E-6E6E3AE817F0}"
EndProject
Project("{9A19103F-16F7-4668-BE54-9A1E7A4F7556}") = "Exercice34", "Exercice34\Exercice34.csproj", "{F0D9878A-5ABE-4ECA-94B6-339DE45A6750}"
EndProject
Project("{9A19103F-16F7-4668-BE54-9A1E7A4F7556}") = "Exercice37", "Exercice37\Exercice37.csproj", "{7A2F13CA-9953-43DE-8375-CB9F40F59513}"
EndProject
Project("{FAE04EC0-301F-11D3-BF4B-00C04F79EFBC}") = "Exercice39", "Exercice39\Exercice39.csproj", "{B05D3178-C696-4FDF-9CB1-97FA41B900D6}"
EndProject
Global
	GlobalSection(SolutionConfigurationPlatforms) = preSolution
		Debug|Any CPU = Debug|Any CPU
		Release|Any CPU = Release|Any CPU
	EndGlobalSection
	GlobalSection(ProjectConfigurationPlatforms) = postSolution
		{438F8EE8-47F9-44F5-BC6C-EAD9A9655112}.Debug|Any CPU.ActiveCfg = Debug|Any CPU
		{438F8EE8-47F9-44F5-BC6C-EAD9A9655112}.Debug|Any CPU.Build.0 = Debug|Any CPU
		{438F8EE8-47F9-44F5-BC6C-EAD9A9655112}.Release|Any CPU.ActiveCfg = Release|Any CPU
		{438F8EE8-47F9-44F5-BC6C-EAD9A9655112}.Release|Any CPU.Build.0 = Release|Any CPU
		{ED25838B-EE2C-4BAA-92D7-7792311265AF}.Debug|Any CPU.ActiveCfg = Debug|Any CPU
		{ED25838B-EE2C-4BAA-92D7-7792311265AF}.Debug|Any CPU.Build.0 = Debug|Any CPU
		{ED25838B-EE2C-4BAA-92D7-7792311265AF}.Release|Any CPU.ActiveCfg = Release|Any CPU
		{ED25838B-EE2C-4BAA-92D7-7792311265AF}.Release|Any CPU.Build.0 = Release|Any CPU
		{E3EF6F6B-30B2-4A47-BCC1-D494DD7C5266}.Debug|Any CPU.ActiveCfg = Debug|Any CPU
		{E3EF6F6B-30B2-4A47-BCC1-D494DD7C5266}.Debug|Any CPU.Build.0 = Debug|Any CPU
		{E3EF6F6B-30B2-4A47-BCC1-D494DD7C5266}.Release|Any CPU.ActiveCfg = Release|Any CPU
		{E3EF6F6B-30B2-4A47-BCC1-D494DD7C5266}.Release|Any CPU.Build.0 = Release|Any CPU
		{83F890CE-8637-4652-BDE6-8FE5F392A179}.Debug|Any CPU.ActiveCfg = Debug|Any CPU
		{83F890CE-8637-4652-BDE6-8FE5F392A179}.Debug|Any CPU.Build.0 = Debug|Any CPU
		{83F890CE-8637-4652-BDE6-8FE5F392A179}.Release|Any CPU.ActiveCfg = Release|Any CPU
		{83F890CE-8637-4652-BDE6-8FE5F392A179}.Release|Any CPU.Build.0 = Release|Any CPU
		{5892378A-70BA-4B6E-BB0E-AF97ED29BB69}.Debug|Any CPU.ActiveCfg = Debug|Any CPU
		{5892378A-70BA-4B6E-BB0E-AF97ED29BB69}.Debug|Any CPU.Build.0 = Debug|Any CPU
		{5892378A-70BA-4B6E-BB0E-AF97ED29BB69}.Release|Any CPU.ActiveCfg = Release|Any CPU
		{5892378A-70BA-4B6E-BB0E-AF97ED29BB69}.Release|Any CPU.Build.0 = Release|Any CPU
		{6D48890C-EA53-46F9-B53F-B59D8F149B41}.Debug|Any CPU.ActiveCfg = Debug|Any CPU
		{6D48890C-EA53-46F9-B53F-B59D8F149B41}.Debug|Any CPU.Build.0 = Debug|Any CPU
		{6D48890C-EA53-46F9-B53F-B59D8F149B41}.Release|Any CPU.ActiveCfg = Release|Any CPU
		{6D48890C-EA53-46F9-B53F-B59D8F149B41}.Release|Any CPU.Build.0 = Release|Any CPU
		{80FC44CE-6D98-41B3-9DA8-4E6CD9AF8AA3}.Debug|Any CPU.ActiveCfg = Debug|Any CPU
		{80FC44CE-6D98-41B3-9DA8-4E6CD9AF8AA3}.Debug|Any CPU.Build.0 = Debug|Any CPU
		{80FC44CE-6D98-41B3-9DA8-4E6CD9AF8AA3}.Release|Any CPU.ActiveCfg = Release|Any CPU
		{80FC44CE-6D98-41B3-9DA8-4E6CD9AF8AA3}.Release|Any CPU.Build.0 = Release|Any CPU
		{AE264476-1BF9-47B2-8E5D-8DBB7DFAF4C6}.Debug|Any CPU.ActiveCfg = Debug|Any CPU
		{AE264476-1BF9-47B2-8E5D-8DBB7DFAF4C6}.Debug|Any CPU.Build.0 = Debug|Any CPU
		{AE264476-1BF9-47B2-8E5D-8DBB7DFAF4C6}.Release|Any CPU.ActiveCfg = Release|Any CPU
		{AE264476-1BF9-47B2-8E5D-8DBB7DFAF4C6}.Release|Any CPU.Build.0 = Release|Any CPU
		{225E6675-6313-4216-B0FA-97BAF5E17719}.Debug|Any CPU.ActiveCfg = Debug|Any CPU
		{225E6675-6313-4216-B0FA-97BAF5E17719}.Debug|Any CPU.Build.0 = Debug|Any CPU
		{225E6675-6313-4216-B0FA-97BAF5E17719}.Release|Any CPU.ActiveCfg = Release|Any CPU
		{225E6675-6313-4216-B0FA-97BAF5E17719}.Release|Any CPU.Build.0 = Release|Any CPU
		{831B9746-D614-4754-8EBE-02722B352FA2}.Debug|Any CPU.ActiveCfg = Debug|Any CPU
		{831B9746-D614-4754-8EBE-02722B352FA2}.Debug|Any CPU.Build.0 = Debug|Any CPU
		{831B9746-D614-4754-8EBE-02722B352FA2}.Release|Any CPU.ActiveCfg = Release|Any CPU
		{831B9746-D614-4754-8EBE-02722B352FA2}.Release|Any CPU.Build.0 = Release|Any CPU
		{77FA279F-4026-4DBC-9484-B13ADA1CCCCA}.Debug|Any CPU.ActiveCfg = Debug|Any CPU
		{77FA279F-4026-4DBC-9484-B13ADA1CCCCA}.Debug|Any CPU.Build.0 = Debug|Any CPU
		{77FA279F-4026-4DBC-9484-B13ADA1CCCCA}.Release|Any CPU.ActiveCfg = Release|Any CPU
		{77FA279F-4026-4DBC-9484-B13ADA1CCCCA}.Release|Any CPU.Build.0 = Release|Any CPU
		{78E865BB-38A6-4BD8-B42D-DECD44B237BD}.Debug|Any CPU.ActiveCfg = Debug|Any CPU
		{78E865BB-38A6-4BD8-B42D-DECD44B237BD}.Debug|Any CPU.Build.0 = Debug|Any CPU
		{78E865BB-38A6-4BD8-B42D-DECD44B237BD}.Release|Any CPU.ActiveCfg = Release|Any CPU
		{78E865BB-38A6-4BD8-B42D-DECD44B237BD}.Release|Any CPU.Build.0 = Release|Any CPU
		{90F5BB1D-7B28-4B84-A779-813AB5981F1D}.Debug|Any CPU.ActiveCfg = Debug|Any CPU
		{90F5BB1D-7B28-4B84-A779-813AB5981F1D}.Debug|Any CPU.Build.0 = Debug|Any CPU
		{90F5BB1D-7B28-4B84-A779-813AB5981F1D}.Release|Any CPU.ActiveCfg = Release|Any CPU
		{90F5BB1D-7B28-4B84-A779-813AB5981F1D}.Release|Any CPU.Build.0 = Release|Any CPU
		{33C282E3-21BF-45AC-AE29-898DD25F1E09}.Debug|Any CPU.ActiveCfg = Debug|Any CPU
		{33C282E3-21BF-45AC-AE29-898DD25F1E09}.Debug|Any CPU.Build.0 = Debug|Any CPU
		{33C282E3-21BF-45AC-AE29-898DD25F1E09}.Release|Any CPU.ActiveCfg = Release|Any CPU
		{33C282E3-21BF-45AC-AE29-898DD25F1E09}.Release|Any CPU.Build.0 = Release|Any CPU
		{F8C69A7A-84D1-4A29-B410-D17CFE4886A2}.Debug|Any CPU.ActiveCfg = Debug|Any CPU
		{F8C69A7A-84D1-4A29-B410-D17CFE4886A2}.Debug|Any CPU.Build.0 = Debug|Any CPU
		{F8C69A7A-84D1-4A29-B410-D17CFE4886A2}.Release|Any CPU.ActiveCfg = Release|Any CPU
		{F8C69A7A-84D1-4A29-B410-D17CFE4886A2}.Release|Any CPU.Build.0 = Release|Any CPU
		{7FB660AE-F017-47AB-BD3B-08B482816D45}.Debug|Any CPU.ActiveCfg = Debug|Any CPU
		{7FB660AE-F017-47AB-BD3B-08B482816D45}.Debug|Any CPU.Build.0 = Debug|Any CPU
		{7FB660AE-F017-47AB-BD3B-08B482816D45}.Release|Any CPU.ActiveCfg = Release|Any CPU
		{7FB660AE-F017-47AB-BD3B-08B482816D45}.Release|Any CPU.Build.0 = Release|Any CPU
		{0E4D3DB8-AD81-4F35-9CEE-C5CDE4CB90CC}.Debug|Any CPU.ActiveCfg = Debug|Any CPU
		{0E4D3DB8-AD81-4F35-9CEE-C5CDE4CB90CC}.Debug|Any CPU.Build.0 = Debug|Any CPU
		{0E4D3DB8-AD81-4F35-9CEE-C5CDE4CB90CC}.Release|Any CPU.ActiveCfg = Release|Any CPU
		{0E4D3DB8-AD81-4F35-9CEE-C5CDE4CB90CC}.Release|Any CPU.Build.0 = Release|Any CPU
		{F0CD611D-8BFF-43C1-8776-44EB5249277C}.Debug|Any CPU.ActiveCfg = Debug|Any CPU
		{F0CD611D-8BFF-43C1-8776-44EB5249277C}.Debug|Any CPU.Build.0 = Debug|Any CPU
		{F0CD611D-8BFF-43C1-8776-44EB5249277C}.Release|Any CPU.ActiveCfg = Release|Any CPU
		{F0CD611D-8BFF-43C1-8776-44EB5249277C}.Release|Any CPU.Build.0 = Release|Any CPU
		{B45A395B-4FD9-45A9-A0EB-FE57410B2952}.Debug|Any CPU.ActiveCfg = Debug|Any CPU
		{B45A395B-4FD9-45A9-A0EB-FE57410B2952}.Debug|Any CPU.Build.0 = Debug|Any CPU
		{B45A395B-4FD9-45A9-A0EB-FE57410B2952}.Release|Any CPU.ActiveCfg = Release|Any CPU
		{B45A395B-4FD9-45A9-A0EB-FE57410B2952}.Release|Any CPU.Build.0 = Release|Any CPU
		{CA76585C-75DB-42D4-A69D-3870EB1C3F4B}.Debug|Any CPU.ActiveCfg = Debug|Any CPU
		{CA76585C-75DB-42D4-A69D-3870EB1C3F4B}.Debug|Any CPU.Build.0 = Debug|Any CPU
		{CA76585C-75DB-42D4-A69D-3870EB1C3F4B}.Release|Any CPU.ActiveCfg = Release|Any CPU
		{CA76585C-75DB-42D4-A69D-3870EB1C3F4B}.Release|Any CPU.Build.0 = Release|Any CPU
		{FE831FE7-92D4-4530-A9C7-2EAF6D7D8061}.Debug|Any CPU.ActiveCfg = Debug|Any CPU
		{FE831FE7-92D4-4530-A9C7-2EAF6D7D8061}.Debug|Any CPU.Build.0 = Debug|Any CPU
		{FE831FE7-92D4-4530-A9C7-2EAF6D7D8061}.Release|Any CPU.ActiveCfg = Release|Any CPU
		{FE831FE7-92D4-4530-A9C7-2EAF6D7D8061}.Release|Any CPU.Build.0 = Release|Any CPU
		{5C56B6E2-4773-4153-A71D-3F5F1B0168D6}.Debug|Any CPU.ActiveCfg = Debug|Any CPU
		{5C56B6E2-4773-4153-A71D-3F5F1B0168D6}.Debug|Any CPU.Build.0 = Debug|Any CPU
		{5C56B6E2-4773-4153-A71D-3F5F1B0168D6}.Release|Any CPU.ActiveCfg = Release|Any CPU
		{5C56B6E2-4773-4153-A71D-3F5F1B0168D6}.Release|Any CPU.Build.0 = Release|Any CPU
		{E3931138-3A67-481E-BF24-D79274F3F5BE}.Debug|Any CPU.ActiveCfg = Debug|Any CPU
		{E3931138-3A67-481E-BF24-D79274F3F5BE}.Debug|Any CPU.Build.0 = Debug|Any CPU
		{E3931138-3A67-481E-BF24-D79274F3F5BE}.Release|Any CPU.ActiveCfg = Release|Any CPU
		{E3931138-3A67-481E-BF24-D79274F3F5BE}.Release|Any CPU.Build.0 = Release|Any CPU
		{27F0F98B-514C-41EC-9D4E-6E6E3AE817F0}.Debug|Any CPU.ActiveCfg = Debug|Any CPU
		{27F0F98B-514C-41EC-9D4E-6E6E3AE817F0}.Debug|Any CPU.Build.0 = Debug|Any CPU
		{27F0F98B-514C-41EC-9D4E-6E6E3AE817F0}.Release|Any CPU.ActiveCfg = Release|Any CPU
		{27F0F98B-514C-41EC-9D4E-6E6E3AE817F0}.Release|Any CPU.Build.0 = Release|Any CPU
		{F0D9878A-5ABE-4ECA-94B6-339DE45A6750}.Debug|Any CPU.ActiveCfg = Debug|Any CPU
		{F0D9878A-5ABE-4ECA-94B6-339DE45A6750}.Debug|Any CPU.Build.0 = Debug|Any CPU
		{F0D9878A-5ABE-4ECA-94B6-339DE45A6750}.Release|Any CPU.ActiveCfg = Release|Any CPU
		{F0D9878A-5ABE-4ECA-94B6-339DE45A6750}.Release|Any CPU.Build.0 = Release|Any CPU
		{7A2F13CA-9953-43DE-8375-CB9F40F59513}.Debug|Any CPU.ActiveCfg = Debug|Any CPU
		{7A2F13CA-9953-43DE-8375-CB9F40F59513}.Debug|Any CPU.Build.0 = Debug|Any CPU
		{7A2F13CA-9953-43DE-8375-CB9F40F59513}.Release|Any CPU.ActiveCfg = Release|Any CPU
		{7A2F13CA-9953-43DE-8375-CB9F40F59513}.Release|Any CPU.Build.0 = Release|Any CPU
		{B05D3178-C696-4FDF-9CB1-97FA41B900D6}.Debug|Any CPU.ActiveCfg = Debug|Any CPU
		{B05D3178-C696-4FDF-9CB1-97FA41B900D6}.Debug|Any CPU.Build.0 = Debug|Any CPU
		{B05D3178-C696-4FDF-9CB1-97FA41B900D6}.Release|Any CPU.ActiveCfg = Release|Any CPU
		{B05D3178-C696-4FDF-9CB1-97FA41B900D6}.Release|Any CPU.Build.0 = Release|Any CPU
	EndGlobalSection
	GlobalSection(SolutionProperties) = preSolution
		HideSolutionNode = FALSE
	EndGlobalSection
	GlobalSection(ExtensibilityGlobals) = postSolution
		SolutionGuid = {3C517A7D-1FA1-4FD7-BCAC-3A75E8FDA9C1}
	EndGlobalSection
EndGlobal
