
Microsoft Visual Studio Solution File, Format Version 12.00
# Visual Studio Version 17
VisualStudioVersion = 17.1.32228.430
MinimumVisualStudioVersion = 10.0.40219.1
Project("{9A19103F-16F7-4668-BE54-9A1E7A4F7556}") = "PenduAvecInterfaces", "PenduAvecInterfaces\PenduAvecInterfaces.csproj", "{026D3B82-6614-4DFB-857B-B16E773207CD}"
EndProject
Project("{2150E333-8FDC-42A3-9474-1A3956D46DE8}") = "POO", "POO", "{39C4F39A-5CE7-455E-AD46-0CCDEF652530}"
EndProject
Project("{2150E333-8FDC-42A3-9474-1A3956D46DE8}") = "EFCore", "EFCore", "{EBC74AFB-718B-4699-919B-C78626FE882D}"
EndProject
Project("{9A19103F-16F7-4668-BE54-9A1E7A4F7556}") = "Annuaire", "Annuaire\Annuaire.csproj", "{46BA1E66-902E-437A-A358-2F5543AB1D6A}"
EndProject
Project("{9A19103F-16F7-4668-BE54-9A1E7A4F7556}") = "Banque", "Banque\Banque.csproj", "{D0D80B2A-0F6D-4DF0-ABF9-18D2DBE15C4F}"
EndProject
Project("{FAE04EC0-301F-11D3-BF4B-00C04F79EFBC}") = "BanqueDbFirst", "BanqueDbFirst\BanqueDbFirst.csproj", "{2E678CEB-3355-4B69-B032-BC810B631394}"
EndProject
Project("{FAE04EC0-301F-11D3-BF4B-00C04F79EFBC}") = "Store", "Store\Store.csproj", "{573034F5-4961-46B5-9CE8-70520E57305A}"
EndProject
Global
	GlobalSection(SolutionConfigurationPlatforms) = preSolution
		Debug|Any CPU = Debug|Any CPU
		Release|Any CPU = Release|Any CPU
	EndGlobalSection
	GlobalSection(ProjectConfigurationPlatforms) = postSolution
		{026D3B82-6614-4DFB-857B-B16E773207CD}.Debug|Any CPU.ActiveCfg = Debug|Any CPU
		{026D3B82-6614-4DFB-857B-B16E773207CD}.Debug|Any CPU.Build.0 = Debug|Any CPU
		{026D3B82-6614-4DFB-857B-B16E773207CD}.Release|Any CPU.ActiveCfg = Release|Any CPU
		{026D3B82-6614-4DFB-857B-B16E773207CD}.Release|Any CPU.Build.0 = Release|Any CPU
		{46BA1E66-902E-437A-A358-2F5543AB1D6A}.Debug|Any CPU.ActiveCfg = Debug|Any CPU
		{46BA1E66-902E-437A-A358-2F5543AB1D6A}.Debug|Any CPU.Build.0 = Debug|Any CPU
		{46BA1E66-902E-437A-A358-2F5543AB1D6A}.Release|Any CPU.ActiveCfg = Release|Any CPU
		{46BA1E66-902E-437A-A358-2F5543AB1D6A}.Release|Any CPU.Build.0 = Release|Any CPU
		{D0D80B2A-0F6D-4DF0-ABF9-18D2DBE15C4F}.Debug|Any CPU.ActiveCfg = Debug|Any CPU
		{D0D80B2A-0F6D-4DF0-ABF9-18D2DBE15C4F}.Debug|Any CPU.Build.0 = Debug|Any CPU
		{D0D80B2A-0F6D-4DF0-ABF9-18D2DBE15C4F}.Release|Any CPU.ActiveCfg = Release|Any CPU
		{D0D80B2A-0F6D-4DF0-ABF9-18D2DBE15C4F}.Release|Any CPU.Build.0 = Release|Any CPU
		{2E678CEB-3355-4B69-B032-BC810B631394}.Debug|Any CPU.ActiveCfg = Debug|Any CPU
		{2E678CEB-3355-4B69-B032-BC810B631394}.Debug|Any CPU.Build.0 = Debug|Any CPU
		{2E678CEB-3355-4B69-B032-BC810B631394}.Release|Any CPU.ActiveCfg = Release|Any CPU
		{2E678CEB-3355-4B69-B032-BC810B631394}.Release|Any CPU.Build.0 = Release|Any CPU
		{573034F5-4961-46B5-9CE8-70520E57305A}.Debug|Any CPU.ActiveCfg = Debug|Any CPU
		{573034F5-4961-46B5-9CE8-70520E57305A}.Debug|Any CPU.Build.0 = Debug|Any CPU
		{573034F5-4961-46B5-9CE8-70520E57305A}.Release|Any CPU.ActiveCfg = Release|Any CPU
		{573034F5-4961-46B5-9CE8-70520E57305A}.Release|Any CPU.Build.0 = Release|Any CPU
	EndGlobalSection
	GlobalSection(SolutionProperties) = preSolution
		HideSolutionNode = FALSE
	EndGlobalSection
	GlobalSection(NestedProjects) = preSolution
		{026D3B82-6614-4DFB-857B-B16E773207CD} = {39C4F39A-5CE7-455E-AD46-0CCDEF652530}
		{46BA1E66-902E-437A-A358-2F5543AB1D6A} = {EBC74AFB-718B-4699-919B-C78626FE882D}
		{D0D80B2A-0F6D-4DF0-ABF9-18D2DBE15C4F} = {EBC74AFB-718B-4699-919B-C78626FE882D}
		{2E678CEB-3355-4B69-B032-BC810B631394} = {EBC74AFB-718B-4699-919B-C78626FE882D}
		{573034F5-4961-46B5-9CE8-70520E57305A} = {EBC74AFB-718B-4699-919B-C78626FE882D}
	EndGlobalSection
	GlobalSection(ExtensibilityGlobals) = postSolution
		SolutionGuid = {F47016E4-F405-44B1-A969-59F266B693C9}
	EndGlobalSection
EndGlobal
